Microsoft Visual Studio Solution File, Format Version 12.00
# Visual Studio Version 17
VisualStudioVersion = 17.5.2.0
MinimumVisualStudioVersion = 10.0.40219.1
Project("{FAE04EC0-301F-11D3-BF4B-00C04F79EFBC}") = "RecipeCostAPI", "RecipeCostAPI.csproj", "{6B72A4C8-E5D9-1EF7-206D-9E1102B527EC}"
EndProject
Global
	GlobalSection(SolutionConfigurationPlatforms) = preSolution
		Debug|Any CPU = Debug|Any CPU
		Release|Any CPU = Release|Any CPU
	EndGlobalSection
	GlobalSection(ProjectConfigurationPlatforms) = postSolution
		{6B72A4C8-E5D9-1EF7-206D-9E1102B527EC}.Debug|Any CPU.ActiveCfg = Debug|Any CPU
		{6B72A4C8-E5D9-1EF7-206D-9E1102B527EC}.Debug|Any CPU.Build.0 = Debug|Any CPU
		{6B72A4C8-E5D9-1EF7-206D-9E1102B527EC}.Release|Any CPU.ActiveCfg = Release|Any CPU
		{6B72A4C8-E5D9-1EF7-206D-9E1102B527EC}.Release|Any CPU.Build.0 = Release|Any CPU
	EndGlobalSection
	GlobalSection(SolutionProperties) = preSolution
		HideSolutionNode = FALSE
	EndGlobalSection
	GlobalSection(ExtensibilityGlobals) = postSolution
		SolutionGuid = {67C2AC3A-657C-4208-81A3-4DD276914457}
	EndGlobalSection
EndGlobal
